{
  "name": "testownpublishpkg",
  "version": "1.0.0",
  "lockfileVersion": 3,
  "requires": true,
  "packages": {
    "": {
      "name": "testownpublishpkg",
      "version": "1.0.0",
      "license": "ISC",
      "dependencies": {
        "scalercalcraj": "^1.0.0"
      }
    },
    "node_modules/scalercalcraj": {
      "version": "1.0.0",
      "resolved": "https://registry.npmjs.org/scalercalcraj/-/scalercalcraj-1.0.0.tgz",
      "integrity": "sha512-ZS0bcq1xEIDF1VXPsirPJCIfP5xOGXNGkh5KIH/K7x80U3ee2bxod3lNtorL8NFHuLIGBYezJOBcwwvNWmtfJw=="
    }
  }
}
